PODS:
  - GoogleMaps (2.2.0):
    - GoogleMaps/Maps (= 2.2.0)
  - GoogleMaps/Base (2.2.0)
  - GoogleMaps/Maps (2.2.0):
    - GoogleMaps/Base
  - Kingfisher (3.6.1)
  - Pulley (1.3.1)

DEPENDENCIES:
  - GoogleMaps
  - Kingfisher (~> 3.0)
  - Pulley

SPEC CHECKSUMS:
  GoogleMaps: 104c418d61ab8a05dff06ed0784c25ea9d37da45
  Kingfisher: 2f31cb75f3e98d3d4c406cbdcd9b263e956cfa67
  Pulley: 99a45ad8aba14dafb2c6f4f16cb9667eb41c0919

PODFILE CHECKSUM: 2f322b0e19d591bf346cc1dcee6b0831700f2a76

COCOAPODS: 1.1.1
